
Microsoft Visual Studio Solution File, Format Version 12.00
# Visual Studio Version 17
VisualStudioVersion = 17.0.32112.339
MinimumVisualStudioVersion = 15.0.26124.0
Project("{9A19103F-16F7-4668-BE54-9A1E7A4F7556}") = "MarkdownConverter", "MarkdownConverter\MarkdownConverter.csproj", "{8BF96085-1296-42DF-BE65-43D1D8730989}"
EndProject
Project("{9A19103F-16F7-4668-BE54-9A1E7A4F7556}") = "StandardAnchorTags", "StandardAnchorTags\StandardAnchorTags.csproj", "{13A44F82-8BD3-4DEF-B981-033BA5173098}"
EndProject
Project("{9A19103F-16F7-4668-BE54-9A1E7A4F7556}") = "GetGrammar", "GetGrammar\GetGrammar.csproj", "{74700E9C-6A11-4D3A-9DED-171DCAB69F51}"
EndProject
Project("{FAE04EC0-301F-11D3-BF4B-00C04F79EFBC}") = "Utilities", "Utilities\Utilities.csproj", "{835C6333-BDB5-4DEC-B3BE-4300E3F948AF}"
EndProject
Global
	GlobalSection(SolutionConfigurationPlatforms) = preSolution
		Debug|Any CPU = Debug|Any CPU
		Debug|x64 = Debug|x64
		Debug|x86 = Debug|x86
		Release|Any CPU = Release|Any CPU
		Release|x64 = Release|x64
		Release|x86 = Release|x86
	EndGlobalSection
	GlobalSection(ProjectConfigurationPlatforms) = postSolution
		{8BF96085-1296-42DF-BE65-43D1D8730989}.Debug|Any CPU.ActiveCfg = Debug|Any CPU
		{8BF96085-1296-42DF-BE65-43D1D8730989}.Debug|Any CPU.Build.0 = Debug|Any CPU
		{8BF96085-1296-42DF-BE65-43D1D8730989}.Debug|x64.ActiveCfg = Debug|Any CPU
		{8BF96085-1296-42DF-BE65-43D1D8730989}.Debug|x64.Build.0 = Debug|Any CPU
		{8BF96085-1296-42DF-BE65-43D1D8730989}.Debug|x86.ActiveCfg = Debug|Any CPU
		{8BF96085-1296-42DF-BE65-43D1D8730989}.Debug|x86.Build.0 = Debug|Any CPU
		{8BF96085-1296-42DF-BE65-43D1D8730989}.Release|Any CPU.ActiveCfg = Release|Any CPU
		{8BF96085-1296-42DF-BE65-43D1D8730989}.Release|Any CPU.Build.0 = Release|Any CPU
		{8BF96085-1296-42DF-BE65-43D1D8730989}.Release|x64.ActiveCfg = Release|Any CPU
		{8BF96085-1296-42DF-BE65-43D1D8730989}.Release|x64.Build.0 = Release|Any CPU
		{8BF96085-1296-42DF-BE65-43D1D8730989}.Release|x86.ActiveCfg = Release|Any CPU
		{8BF96085-1296-42DF-BE65-43D1D8730989}.Release|x86.Build.0 = Release|Any CPU
		{13A44F82-8BD3-4DEF-B981-033BA5173098}.Debug|Any CPU.ActiveCfg = Debug|Any CPU
		{13A44F82-8BD3-4DEF-B981-033BA5173098}.Debug|Any CPU.Build.0 = Debug|Any CPU
		{13A44F82-8BD3-4DEF-B981-033BA5173098}.Debug|x64.ActiveCfg = Debug|Any CPU
		{13A44F82-8BD3-4DEF-B981-033BA5173098}.Debug|x64.Build.0 = Debug|Any CPU
		{13A44F82-8BD3-4DEF-B981-033BA5173098}.Debug|x86.ActiveCfg = Debug|Any CPU
		{13A44F82-8BD3-4DEF-B981-033BA5173098}.Debug|x86.Build.0 = Debug|Any CPU
		{13A44F82-8BD3-4DEF-B981-033BA5173098}.Release|Any CPU.ActiveCfg = Release|Any CPU
		{13A44F82-8BD3-4DEF-B981-033BA5173098}.Release|Any CPU.Build.0 = Release|Any CPU
		{13A44F82-8BD3-4DEF-B981-033BA5173098}.Release|x64.ActiveCfg = Release|Any CPU
		{13A44F82-8BD3-4DEF-B981-033BA5173098}.Release|x64.Build.0 = Release|Any CPU
		{13A44F82-8BD3-4DEF-B981-033BA5173098}.Release|x86.ActiveCfg = Release|Any CPU
		{13A44F82-8BD3-4DEF-B981-033BA5173098}.Release|x86.Build.0 = Release|Any CPU
		{74700E9C-6A11-4D3A-9DED-171DCAB69F51}.Debug|Any CPU.ActiveCfg = Debug|Any CPU
		{74700E9C-6A11-4D3A-9DED-171DCAB69F51}.Debug|Any CPU.Build.0 = Debug|Any CPU
		{74700E9C-6A11-4D3A-9DED-171DCAB69F51}.Debug|x64.ActiveCfg = Debug|Any CPU
		{74700E9C-6A11-4D3A-9DED-171DCAB69F51}.Debug|x64.Build.0 = Debug|Any CPU
		{74700E9C-6A11-4D3A-9DED-171DCAB69F51}.Debug|x86.ActiveCfg = Debug|Any CPU
		{74700E9C-6A11-4D3A-9DED-171DCAB69F51}.Debug|x86.Build.0 = Debug|Any CPU
		{74700E9C-6A11-4D3A-9DED-171DCAB69F51}.Release|Any CPU.ActiveCfg = Release|Any CPU
		{74700E9C-6A11-4D3A-9DED-171DCAB69F51}.Release|Any CPU.Build.0 = Release|Any CPU
		{74700E9C-6A11-4D3A-9DED-171DCAB69F51}.Release|x64.ActiveCfg = Release|Any CPU
		{74700E9C-6A11-4D3A-9DED-171DCAB69F51}.Release|x64.Build.0 = Release|Any CPU
		{74700E9C-6A11-4D3A-9DED-171DCAB69F51}.Release|x86.ActiveCfg = Release|Any CPU
		{74700E9C-6A11-4D3A-9DED-171DCAB69F51}.Release|x86.Build.0 = Release|Any CPU
		{835C6333-BDB5-4DEC-B3BE-4300E3F948AF}.Debug|Any CPU.ActiveCfg = Debug|Any CPU
		{835C6333-BDB5-4DEC-B3BE-4300E3F948AF}.Debug|Any CPU.Build.0 = Debug|Any CPU
		{835C6333-BDB5-4DEC-B3BE-4300E3F948AF}.Debug|x64.ActiveCfg = Debug|Any CPU
		{835C6333-BDB5-4DEC-B3BE-4300E3F948AF}.Debug|x64.Build.0 = Debug|Any CPU
		{835C6333-BDB5-4DEC-B3BE-4300E3F948AF}.Debug|x86.ActiveCfg = Debug|Any CPU
		{835C6333-BDB5-4DEC-B3BE-4300E3F948AF}.Debug|x86.Build.0 = Debug|Any CPU
		{835C6333-BDB5-4DEC-B3BE-4300E3F948AF}.Release|Any CPU.ActiveCfg = Release|Any CPU
		{835C6333-BDB5-4DEC-B3BE-4300E3F948AF}.Release|Any CPU.Build.0 = Release|Any CPU
		{835C6333-BDB5-4DEC-B3BE-4300E3F948AF}.Release|x64.ActiveCfg = Release|Any CPU
		{835C6333-BDB5-4DEC-B3BE-4300E3F948AF}.Release|x64.Build.0 = Release|Any CPU
		{835C6333-BDB5-4DEC-B3BE-4300E3F948AF}.Release|x86.ActiveCfg = Release|Any CPU
		{835C6333-BDB5-4DEC-B3BE-4300E3F948AF}.Release|x86.Build.0 = Release|Any CPU
	EndGlobalSection
	GlobalSection(SolutionProperties) = preSolution
		HideSolutionNode = FALSE
	EndGlobalSection
	GlobalSection(ExtensibilityGlobals) = postSolution
		SolutionGuid = {7A110FC3-7212-4079-A8B5-0D74926CF9D9}
	EndGlobalSection
EndGlobal
